
Microsoft Visual Studio Solution File, Format Version 12.00
# Visual Studio Version 17
VisualStudioVersion = 17.9.34728.123
MinimumVisualStudioVersion = 10.0.40219.1
Project("{9A19103F-16F7-4668-BE54-9A1E7A4F7556}") = "AppiumDemoProject", "AppiumDemoProject.csproj", "{C7712734-485D-4D73-B814-65F0056E2422}"
EndProject
Project("{FAE04EC0-301F-11D3-BF4B-00C04F79EFBC}") = "ColorNoteAppTesting", "..\ColorNoteAppTesting\ColorNoteAppTesting.csproj", "{1AD335EA-FAC8-4C85-AA3E-FBC4E710C267}"
EndProject
Global
	GlobalSection(SolutionConfigurationPlatforms) = preSolution
		Debug|Any CPU = Debug|Any CPU
		Release|Any CPU = Release|Any CPU
	EndGlobalSection
	GlobalSection(ProjectConfigurationPlatforms) = postSolution
		{C7712734-485D-4D73-B814-65F0056E2422}.Debug|Any CPU.ActiveCfg = Debug|Any CPU
		{C7712734-485D-4D73-B814-65F0056E2422}.Debug|Any CPU.Build.0 = Debug|Any CPU
		{C7712734-485D-4D73-B814-65F0056E2422}.Release|Any CPU.ActiveCfg = Release|Any CPU
		{C7712734-485D-4D73-B814-65F0056E2422}.Release|Any CPU.Build.0 = Release|Any CPU
		{1AD335EA-FAC8-4C85-AA3E-FBC4E710C267}.Debug|Any CPU.ActiveCfg = Debug|Any CPU
		{1AD335EA-FAC8-4C85-AA3E-FBC4E710C267}.Debug|Any CPU.Build.0 = Debug|Any CPU
		{1AD335EA-FAC8-4C85-AA3E-FBC4E710C267}.Release|Any CPU.ActiveCfg = Release|Any CPU
		{1AD335EA-FAC8-4C85-AA3E-FBC4E710C267}.Release|Any CPU.Build.0 = Release|Any CPU
	EndGlobalSection
	GlobalSection(SolutionProperties) = preSolution
		HideSolutionNode = FALSE
	EndGlobalSection
	GlobalSection(ExtensibilityGlobals) = postSolution
		SolutionGuid = {29AD3757-B295-4C67-B507-F51FC6EB1556}
	EndGlobalSection
EndGlobal
